
Microsoft Visual Studio Solution File, Format Version 12.00
# Visual Studio Version 17
VisualStudioVersion = 17.14.36623.8 d17.14
MinimumVisualStudioVersion = 10.0.40219.1
Project("{FAE04EC0-301F-11D3-BF4B-00C04F79EFBC}") = "Smart-To-Do-List", "Smart-To-Do-List\Smart-To-Do-List.csproj", "{6FDACA60-282F-48F3-808A-26B1431D0B42}"
EndProject
Global
	GlobalSection(SolutionConfigurationPlatforms) = preSolution
		Debug|Any CPU = Debug|Any CPU
		Release|Any CPU = Release|Any CPU
	EndGlobalSection
	GlobalSection(ProjectConfigurationPlatforms) = postSolution
		{6FDACA60-282F-48F3-808A-26B1431D0B42}.Debug|Any CPU.ActiveCfg = Debug|Any CPU
		{6FDACA60-282F-48F3-808A-26B1431D0B42}.Debug|Any CPU.Build.0 = Debug|Any CPU
		{6FDACA60-282F-48F3-808A-26B1431D0B42}.Release|Any CPU.ActiveCfg = Release|Any CPU
		{6FDACA60-282F-48F3-808A-26B1431D0B42}.Release|Any CPU.Build.0 = Release|Any CPU
	EndGlobalSection
	GlobalSection(SolutionProperties) = preSolution
		HideSolutionNode = FALSE
	EndGlobalSection
	GlobalSection(ExtensibilityGlobals) = postSolution
		SolutionGuid = {555E518B-86DD-49D3-A556-9A39D0B2FE65}
	EndGlobalSection
EndGlobal
